
Microsoft Visual Studio Solution File, Format Version 12.00
# Visual Studio Version 17
VisualStudioVersion = 17.8.34525.116
MinimumVisualStudioVersion = 10.0.40219.1
Project("{FAE04EC0-301F-11D3-BF4B-00C04F79EFBC}") = "CalculadoraEstadistica", "CalculadoraEstadistica\CalculadoraEstadistica.csproj", "{2C73EBDE-2B0B-4D47-A5AA-7261074865EE}"
EndProject
Global
	GlobalSection(SolutionConfigurationPlatforms) = preSolution
		Debug|Any CPU = Debug|Any CPU
		Release|Any CPU = Release|Any CPU
	EndGlobalSection
	GlobalSection(ProjectConfigurationPlatforms) = postSolution
		{2C73EBDE-2B0B-4D47-A5AA-7261074865EE}.Debug|Any CPU.ActiveCfg = Debug|Any CPU
		{2C73EBDE-2B0B-4D47-A5AA-7261074865EE}.Debug|Any CPU.Build.0 = Debug|Any CPU
		{2C73EBDE-2B0B-4D47-A5AA-7261074865EE}.Release|Any CPU.ActiveCfg = Release|Any CPU
		{2C73EBDE-2B0B-4D47-A5AA-7261074865EE}.Release|Any CPU.Build.0 = Release|Any CPU
	EndGlobalSection
	GlobalSection(SolutionProperties) = preSolution
		HideSolutionNode = FALSE
	EndGlobalSection
	GlobalSection(ExtensibilityGlobals) = postSolution
		SolutionGuid = {DD8905B4-A102-4A9D-943D-5FF7D1FDF640}
	EndGlobalSection
EndGlobal
